
Microsoft Visual Studio Solution File, Format Version 12.00
# Visual Studio Version 16
VisualStudioVersion = 16.0.29519.87
MinimumVisualStudioVersion = 10.0.40219.1
Project("{9A19103F-16F7-4668-BE54-9A1E7A4F7556}") = "Dorywcza", "Dorywcza\Dorywcza.csproj", "{75B56686-8C34-455B-9D46-443692CCFA34}"
EndProject
Project("{E53339B2-1760-4266-BCC7-CA923CBCF16C}") = "docker-compose", "docker-compose.dcproj", "{B89F7B3D-C4C4-44B1-ADC3-7EF7125D1365}"
EndProject
Global
	GlobalSection(SolutionConfigurationPlatforms) = preSolution
		Debug|Any CPU = Debug|Any CPU
		Release|Any CPU = Release|Any CPU
	EndGlobalSection
	GlobalSection(ProjectConfigurationPlatforms) = postSolution
		{75B56686-8C34-455B-9D46-443692CCFA34}.Debug|Any CPU.ActiveCfg = Debug|Any CPU
		{75B56686-8C34-455B-9D46-443692CCFA34}.Debug|Any CPU.Build.0 = Debug|Any CPU
		{75B56686-8C34-455B-9D46-443692CCFA34}.Release|Any CPU.ActiveCfg = Release|Any CPU
		{75B56686-8C34-455B-9D46-443692CCFA34}.Release|Any CPU.Build.0 = Release|Any CPU
		{B89F7B3D-C4C4-44B1-ADC3-7EF7125D1365}.Debug|Any CPU.ActiveCfg = Debug|Any CPU
		{B89F7B3D-C4C4-44B1-ADC3-7EF7125D1365}.Debug|Any CPU.Build.0 = Debug|Any CPU
		{B89F7B3D-C4C4-44B1-ADC3-7EF7125D1365}.Release|Any CPU.ActiveCfg = Release|Any CPU
		{B89F7B3D-C4C4-44B1-ADC3-7EF7125D1365}.Release|Any CPU.Build.0 = Release|Any CPU
	EndGlobalSection
	GlobalSection(SolutionProperties) = preSolution
		HideSolutionNode = FALSE
	EndGlobalSection
	GlobalSection(ExtensibilityGlobals) = postSolution
		SolutionGuid = {60FC3C52-6A3F-45C5-83F4-AB092AED2282}
	EndGlobalSection
EndGlobal
